// !$*UTF8*$!
{
	archiveVersion = 1;
	classes = {
	};
	objectVersion = 46;
	objects = {

/* Begin PBXBuildFile section */
		A6115A941F5E25E2009D5FD2 /* AppDelegate.swift in Sources */ = {isa = PBXBuildFile; fileRef = A6115A931F5E25E2009D5FD2 /* AppDelegate.swift */; };
		A6115A961F5E25E2009D5FD2 /* ViewController.swift in Sources */ = {isa = PBXBuildFile; fileRef = A6115A951F5E25E2009D5FD2 /* ViewController.swift */; };
		A6115A991F5E25E2009D5FD2 /* Main.storyboard in Resources */ = {isa = PBXBuildFile; fileRef = A6115A971F5E25E2009D5FD2 /* Main.storyboard */; };
		A6115A9B1F5E25E2009D5FD2 /* Assets.xcassets in Resources */ = {isa = PBXBuildFile; fileRef = A6115A9A1F5E25E2009D5FD2 /* Assets.xcassets */; };
		A6115A9E1F5E25E2009D5FD2 /* LaunchScreen.storyboard in Resources */ = {isa = PBXBuildFile; fileRef = A6115A9C1F5E25E2009D5FD2 /* LaunchScreen.storyboard */; };
		A6115AA91F5E25E2009D5FD2 /* webViewTests.swift in Sources */ = {isa = PBXBuildFile; fileRef = A6115AA81F5E25E2009D5FD2 /* webViewTests.swift */; };
		A6115AB41F5E25E2009D5FD2 /* webViewUITests.swift in Sources */ = {isa = PBXBuildFile; fileRef = A6115AB31F5E25E2009D5FD2 /* webViewUITests.swift */; };
/* End PBXBuildFile section */

/* Begin PBXContainerItemProxy section */
		A6115AA51F5E25E2009D5FD2 /* PBXContainerItemProxy */ = {
			isa = PBXContainerItemProxy;
			containerPortal = A6115A881F5E25E2009D5FD2 /* Project object */;
			proxyType = 1;
			remoteGlobalIDString = A6115A8F1F5E25E2009D5FD2;
			remoteInfo = webView;
		};
		A6115AB01F5E25E2009D5FD2 /* PBXContainerItemProxy */ = {
			isa = PBXContainerItemProxy;
			containerPortal = A6115A881F5E25E2009D5FD2 /* Project object */;
			proxyType = 1;
			remoteGlobalIDString = A6115A8F1F5E25E2009D5FD2;
			remoteInfo = webView;
		};
/* End PBXContainerItemProxy section */

/* Begin PBXFileReference section */
		A6115A901F5E25E2009D5FD2 /* webView.app */ = {isa = PBXFileReference; explicitFileType = wrapper.application; includeInIndex = 0; path = webView.app; sourceTree = BUILT_PRODUCTS_DIR; };
		A6115A931F5E25E2009D5FD2 /* AppDelegate.swift */ = {isa = PBXFileReference; lastKnownFileType = sourcecode.swift; path = AppDelegate.swift; sourceTree = "<group>"; };
		A6115A951F5E25E2009D5FD2 /* ViewController.swift */ = {isa = PBXFileReference; lastKnownFileType = sourcecode.swift; path = ViewController.swift; sourceTree = "<group>"; };
		A6115A981F5E25E2009D5FD2 /* Base */ = {isa = PBXFileReference; lastKnownFileType = file.storyboard; name = Base; path = Base.lproj/Main.storyboard; sourceTree = "<group>"; };
		A6115A9A1F5E25E2009D5FD2 /* Assets.xcassets */ = {isa = PBXFileReference; lastKnownFileType = folder.assetcatalog; path = Assets.xcassets; sourceTree = "<group>"; };
		A6115A9D1F5E25E2009D5FD2 /* Base */ = {isa = PBXFileReference; lastKnownFileType = file.storyboard; name = Base; path = Base.lproj/LaunchScreen.storyboard; sourceTree = "<group>"; };
		A6115A9F1F5E25E2009D5FD2 /* Info.plist */ = {isa = PBXFileReference; lastKnownFileType = text.plist.xml; path = Info.plist; sourceTree = "<group>"; };
		A6115AA41F5E25E2009D5FD2 /* webViewTests.xctest */ = {isa = PBXFileReference; explicitFileType = wrapper.cfbundle; includeInIndex = 0; path = webViewTests.xctest; sourceTree = BUILT_PRODUCTS_DIR; };
		A6115AA81F5E25E2009D5FD2 /* webViewTests.swift */ = {isa = PBXFileReference; lastKnownFileType = sourcecode.swift; path = webViewTests.swift; sourceTree = "<group>"; };
		A6115AAA1F5E25E2009D5FD2 /* Info.plist */ = {isa = PBXFileReference; lastKnownFileType = text.plist.xml; path = Info.plist; sourceTree = "<group>"; };
		A6115AAF1F5E25E2009D5FD2 /* webViewUITests.xctest */ = {isa = PBXFileReference; explicitFileType = wrapper.cfbundle; includeInIndex = 0; path = webViewUITests.xctest; sourceTree = BUILT_PRODUCTS_DIR; };
		A6115AB31F5E25E2009D5FD2 /* webViewUITests.swift */ = {isa = PBXFileReference; lastKnownFileType = sourcecode.swift; path = webViewUITests.swift; sourceTree = "<group>"; };
		A6115AB51F5E25E2009D5FD2 /* Info.plist */ = {isa = PBXFileReference; lastKnownFileType = text.plist.xml; path = Info.plist; sourceTree = "<group>"; };
/* End PBXFileReference section */

/* Begin PBXFrameworksBuildPhase section */
		A6115A8D1F5E25E2009D5FD2 /* Frameworks */ = {
			isa = PBXFrameworksBuildPhase;
			buildActionMask = 2147483647;
			files = (
			);
			runOnlyForDeploymentPostprocessing = 0;
		};
		A6115AA11F5E25E2009D5FD2 /* Frameworks */ = {
			isa = PBXFrameworksBuildPhase;
			buildActionMask = 2147483647;
			files = (
			);
			runOnlyForDeploymentPostprocessing = 0;
		};
		A6115AAC1F5E25E2009D5FD2 /* Frameworks */ = {
			isa = PBXFrameworksBuildPhase;
			buildActionMask = 2147483647;
			files = (
			);
			runOnlyForDeploymentPostprocessing = 0;
		};
/* End PBXFrameworksBuildPhase section */

/* Begin PBXGroup section */
		A6115A871F5E25E2009D5FD2 = {
			isa = PBXGroup;
			children = (
				A6115A921F5E25E2009D5FD2 /* webView */,
				A6115AA71F5E25E2009D5FD2 /* webViewTests */,
				A6115AB21F5E25E2009D5FD2 /* webViewUITests */,
				A6115A911F5E25E2009D5FD2 /* Products */,
			);
			sourceTree = "<group>";
		};
		A6115A911F5E25E2009D5FD2 /* Products */ = {
			isa = PBXGroup;
			children = (
				A6115A901F5E25E2009D5FD2 /* webView.app */,
				A6115AA41F5E25E2009D5FD2 /* webViewTests.xctest */,
				A6115AAF1F5E25E2009D5FD2 /* webViewUITests.xctest */,
			);
			name = Products;
			sourceTree = "<group>";
		};
		A6115A921F5E25E2009D5FD2 /* webView */ = {
			isa = PBXGroup;
			children = (
				A6115A931F5E25E2009D5FD2 /* AppDelegate.swift */,
				A6115A951F5E25E2009D5FD2 /* ViewController.swift */,
				A6115A971F5E25E2009D5FD2 /* Main.storyboard */,
				A6115A9A1F5E25E2009D5FD2 /* Assets.xcassets */,
				A6115A9C1F5E25E2009D5FD2 /* LaunchScreen.storyboard */,
				A6115A9F1F5E25E2009D5FD2 /* Info.plist */,
			);
			path = webView;
			sourceTree = "<group>";
		};
		A6115AA71F5E25E2009D5FD2 /* webViewTests */ = {
			isa = PBXGroup;
			children = (
				A6115AA81F5E25E2009D5FD2 /* webViewTests.swift */,
				A6115AAA1F5E25E2009D5FD2 /* Info.plist */,
			);
			path = webViewTests;
			sourceTree = "<group>";
		};
		A6115AB21F5E25E2009D5FD2 /* webViewUITests */ = {
			isa = PBXGroup;
			children = (
				A6115AB31F5E25E2009D5FD2 /* webViewUITests.swift */,
				A6115AB51F5E25E2009D5FD2 /* Info.plist */,
			);
			path = webViewUITests;
			sourceTree = "<group>";
		};
/* End PBXGroup section */

/* Begin PBXNativeTarget section */
		A6115A8F1F5E25E2009D5FD2 /* webView */ = {
			isa = PBXNativeTarget;
			buildConfigurationList = A6115AB81F5E25E2009D5FD2 /* Build configuration list for PBXNativeTarget "webView" */;
			buildPhases = (
				A6115A8C1F5E25E2009D5FD2 /* Sources */,
				A6115A8D1F5E25E2009D5FD2 /* Frameworks */,
				A6115A8E1F5E25E2009D5FD2 /* Resources */,
			);
			buildRules = (
			);
			dependencies = (
			);
			name = webView;
			productName = webView;
			productReference = A6115A901F5E25E2009D5FD2 /* webView.app */;
			productType = "com.apple.product-type.application";
		};
		A6115AA31F5E25E2009D5FD2 /* webViewTests */ = {
			isa = PBXNativeTarget;
			buildConfigurationList = A6115ABB1F5E25E2009D5FD2 /* Build configuration list for PBXNativeTarget "webViewTests" */;
			buildPhases = (
				A6115AA01F5E25E2009D5FD2 /* Sources */,
				A6115AA11F5E25E2009D5FD2 /* Frameworks */,
				A6115AA21F5E25E2009D5FD2 /* Resources */,
			);
			buildRules = (
			);
			dependencies = (
				A6115AA61F5E25E2009D5FD2 /* PBXTargetDependency */,
			);
			name = webViewTests;
			productName = webViewTests;
			productReference = A6115AA41F5E25E2009D5FD2 /* webViewTests.xctest */;
			productType = "com.apple.product-type.bundle.unit-test";
		};
		A6115AAE1F5E25E2009D5FD2 /* webViewUITests */ = {
			isa = PBXNativeTarget;
			buildConfigurationList = A6115ABE1F5E25E2009D5FD2 /* Build configuration list for PBXNativeTarget "webViewUITests" */;
			buildPhases = (
				A6115AAB1F5E25E2009D5FD2 /* Sources */,
				A6115AAC1F5E25E2009D5FD2 /* Frameworks */,
				A6115AAD1F5E25E2009D5FD2 /* Resources */,
			);
			buildRules = (
			);
			dependencies = (
				A6115AB11F5E25E2009D5FD2 /* PBXTargetDependency */,
			);
			name = webViewUITests;
			productName = webViewUITests;
			productReference = A6115AAF1F5E25E2009D5FD2 /* webViewUITests.xctest */;
			productType = "com.apple.product-type.bundle.ui-testing";
		};
/* End PBXNativeTarget section */

/* Begin PBXProject section */
		A6115A881F5E25E2009D5FD2 /* Project object */ = {
			isa = PBXProject;
			attributes = {
				LastSwiftUpdateCheck = 0830;
				LastUpgradeCheck = 0830;
				ORGANIZATIONNAME = com.GDBank.Company;
				TargetAttributes = {
					A6115A8F1F5E25E2009D5FD2 = {
						CreatedOnToolsVersion = 8.3.3;
						DevelopmentTeam = 3NJC3EGBWR;
						ProvisioningStyle = Automatic;
					};
					A6115AA31F5E25E2009D5FD2 = {
						CreatedOnToolsVersion = 8.3.3;
						ProvisioningStyle = Automatic;
						TestTargetID = A6115A8F1F5E25E2009D5FD2;
					};
					A6115AAE1F5E25E2009D5FD2 = {
						CreatedOnToolsVersion = 8.3.3;
						ProvisioningStyle = Automatic;
						TestTargetID = A6115A8F1F5E25E2009D5FD2;
					};
				};
			};
			buildConfigurationList = A6115A8B1F5E25E2009D5FD2 /* Build configuration list for PBXProject "webView" */;
			compatibilityVersion = "Xcode 3.2";
			developmentRegion = English;
			hasScannedForEncodings = 0;
			knownRegions = (
				en,
				Base,
			);
			mainGroup = A6115A871F5E25E2009D5FD2;
			productRefGroup = A6115A911F5E25E2009D5FD2 /* Products */;
			projectDirPath = "";
			projectRoot = "";
			targets = (
				A6115A8F1F5E25E2009D5FD2 /* webView */,
				A6115AA31F5E25E2009D5FD2 /* webViewTests */,
				A6115AAE1F5E25E2009D5FD2 /* webViewUITests */,
			);
		};
/* End PBXProject section */

/* Begin PBXResourcesBuildPhase section */
		A6115A8E1F5E25E2009D5FD2 /* Resources */ = {
			isa = PBXResourcesBuildPhase;
			buildActionMask = 2147483647;
			files = (
				A6115A9E1F5E25E2009D5FD2 /* LaunchScreen.storyboard in Resources */,
				A6115A9B1F5E25E2009D5FD2 /* Assets.xcassets in Resources */,
				A6115A991F5E25E2009D5FD2 /* Main.storyboard in Resources */,
			);
			runOnlyForDeploymentPostprocessing = 0;
		};
		A6115AA21F5E25E2009D5FD2 /* Resources */ = {
			isa = PBXResourcesBuildPhase;
			buildActionMask = 2147483647;
			files = (
			);
			runOnlyForDeploymentPostprocessing = 0;
		};
		A6115AAD1F5E25E2009D5FD2 /* Resources */ = {
			isa = PBXResourcesBuildPhase;
			buildActionMask = 2147483647;
			files = (
			);
			runOnlyForDeploymentPostprocessing = 0;
		};
/* End PBXResourcesBuildPhase section */

/* Begin PBXSourcesBuildPhase section */
		A6115A8C1F5E25E2009D5FD2 /* Sources */ = {
			isa = PBXSourcesBuildPhase;
			buildActionMask = 2147483647;
			files = (
				A6115A961F5E25E2009D5FD2 /* ViewController.swift in Sources */,
				A6115A941F5E25E2009D5FD2 /* AppDelegate.swift in Sources */,
			);
			runOnlyForDeploymentPostprocessing = 0;
		};
		A6115AA01F5E25E2009D5FD2 /* Sources */ = {
			isa = PBXSourcesBuildPhase;
			buildActionMask = 2147483647;
			files = (
				A6115AA91F5E25E2009D5FD2 /* webViewTests.swift in Sources */,
			);
			runOnlyForDeploymentPostprocessing = 0;
		};
		A6115AAB1F5E25E2009D5FD2 /* Sources */ = {
			isa = PBXSourcesBuildPhase;
			buildActionMask = 2147483647;
			files = (
				A6115AB41F5E25E2009D5FD2 /* webViewUITests.swift in Sources */,
			);
			runOnlyForDeploymentPostprocessing = 0;
		};
/* End PBXSourcesBuildPhase section */

/* Begin PBXTargetDependency section */
		A6115AA61F5E25E2009D5FD2 /* PBXTargetDependency */ = {
			isa = PBXTargetDependency;
			target = A6115A8F1F5E25E2009D5FD2 /* webView */;
			targetProxy = A6115AA51F5E25E2009D5FD2 /* PBXContainerItemProxy */;
		};
		A6115AB11F5E25E2009D5FD2 /* PBXTargetDependency */ = {
			isa = PBXTargetDependency;
			target = A6115A8F1F5E25E2009D5FD2 /* webView */;
			targetProxy = A6115AB01F5E25E2009D5FD2 /* PBXContainerItemProxy */;
		};
/* End PBXTargetDependency section */

/* Begin PBXVariantGroup section */
		A6115A971F5E25E2009D5FD2 /* Main.storyboard */ = {
			isa = PBXVariantGroup;
			children = (
				A6115A981F5E25E2009D5FD2 /* Base */,
			);
			name = Main.storyboard;
			sourceTree = "<group>";
		};
		A6115A9C1F5E25E2009D5FD2 /* LaunchScreen.storyboard */ = {
			isa = PBXVariantGroup;
			children = (
				A6115A9D1F5E25E2009D5FD2 /* Base */,
			);
			name = LaunchScreen.storyboard;
			sourceTree = "<group>";
		};
/* End PBXVariantGroup section */

/* Begin XCBuildConfiguration section */
		A6115AB61F5E25E2009D5FD2 /* Debug */ = {
			isa = XCBuildConfiguration;
			buildSettings = {
				ALWAYS_SEARCH_USER_PATHS = NO;
				CLANG_ANALYZER_NONNULL = YES;
				CLANG_ANALYZER_NUMBER_OBJECT_CONVERSION = YES_AGGRESSIVE;
				CLANG_CXX_LANGUAGE_STANDARD = "gnu++0x";
				CLANG_CXX_LIBRARY = "libc++";
				CLANG_ENABLE_MODULES = YES;
				CLANG_ENABLE_OBJC_ARC = YES;
				CLANG_WARN_BOOL_CONVERSION = YES;
				CLANG_WARN_CONSTANT_CONVERSION = YES;
				CLANG_WARN_DIRECT_OBJC_ISA_USAGE = YES_ERROR;
				CLANG_WARN_DOCUMENTATION_COMMENTS = YES;
				CLANG_WARN_EMPTY_BODY = YES;
				CLANG_WARN_ENUM_CONVERSION = YES;
				CLANG_WARN_INFINITE_RECURSION = YES;
				CLANG_WARN_INT_CONVERSION = YES;
				CLANG_WARN_OBJC_ROOT_CLASS = YES_ERROR;
				CLANG_WARN_SUSPICIOUS_MOVE = YES;
				CLANG_WARN_UNREACHABLE_CODE = YES;
				CLANG_WARN__DUPLICATE_METHOD_MATCH = YES;
				"CODE_SIGN_IDENTITY[sdk=iphoneos*]" = "iPhone Developer";
				COPY_PHASE_STRIP = NO;
				DEBUG_INFORMATION_FORMAT = dwarf;
				ENABLE_STRICT_OBJC_MSGSEND = YES;
				ENABLE_TESTABILITY = YES;
				GCC_C_LANGUAGE_STANDARD = gnu99;
				GCC_DYNAMIC_NO_PIC = NO;
				GCC_NO_COMMON_BLOCKS = YES;
				GCC_OPTIMIZATION_LEVEL = 0;
				GCC_PREPROCESSOR_DEFINITIONS = (
					"DEBUG=1",
					"$(inherited)",
				);
				GCC_WARN_64_TO_32_BIT_CONVERSION = YES;
				GCC_WARN_ABOUT_RETURN_TYPE = YES_ERROR;
				GCC_WARN_UNDECLARED_SELECTOR = YES;
				GCC_WARN_UNINITIALIZED_AUTOS = YES_AGGRESSIVE;
				GCC_WARN_UNUSED_FUNCTION = YES;
				GCC_WARN_UNUSED_VARIABLE = YES;
				IPHONEOS_DEPLOYMENT_TARGET = 10.3;
				MTL_ENABLE_DEBUG_INFO = YES;
				ONLY_ACTIVE_ARCH = YES;
				SDKROOT = iphoneos;
				SWIFT_ACTIVE_COMPILATION_CONDITIONS = DEBUG;
				SWIFT_OPTIMIZATION_LEVEL = "-Onone";
				TARGETED_DEVICE_FAMILY = "1,2";
			};
			name = Debug;
		};
		A6115AB71F5E25E2009D5FD2 /* Release */ = {
			isa = XCBuildConfiguration;
			buildSettings = {
				ALWAYS_SEARCH_USER_PATHS = NO;
				CLANG_ANALYZER_NONNULL = YES;
				CLANG_ANALYZER_NUMBER_OBJECT_CONVERSION = YES_AGGRESSIVE;
				CLANG_CXX_LANGUAGE_STANDARD = "gnu++0x";
				CLANG_CXX_LIBRARY = "libc++";
				CLANG_ENABLE_MODULES = YES;
				CLANG_ENABLE_OBJC_ARC = YES;
				CLANG_WARN_BOOL_CONVERSION = YES;
				CLANG_WARN_CONSTANT_CONVERSION = YES;
				CLANG_WARN_DIRECT_OBJC_ISA_USAGE = YES_ERROR;
				CLANG_WARN_DOCUMENTATION_COMMENTS = YES;
				CLANG_WARN_EMPTY_BODY = YES;
				CLANG_WARN_ENUM_CONVERSION = YES;
				CLANG_WARN_INFINITE_RECURSION = YES;
				CLANG_WARN_INT_CONVERSION = YES;
				CLANG_WARN_OBJC_ROOT_CLASS = YES_ERROR;
				CLANG_WARN_SUSPICIOUS_MOVE = YES;
				CLANG_WARN_UNREACHABLE_CODE = YES;
				CLANG_WARN__DUPLICATE_METHOD_MATCH = YES;
				"CODE_SIGN_IDENTITY[sdk=iphoneos*]" = "iPhone Developer";
				COPY_PHASE_STRIP = NO;
				DEBUG_INFORMATION_FORMAT = "dwarf-with-dsym";
				ENABLE_NS_ASSERTIONS = NO;
				ENABLE_STRICT_OBJC_MSGSEND = YES;
				GCC_C_LANGUAGE_STANDARD = gnu99;
				GCC_NO_COMMON_BLOCKS = YES;
				GCC_WARN_64_TO_32_BIT_CONVERSION = YES;
				GCC_WARN_ABOUT_RETURN_TYPE = YES_ERROR;
				GCC_WARN_UNDECLARED_SELECTOR = YES;
				GCC_WARN_UNINITIALIZED_AUTOS = YES_AGGRESSIVE;
				GCC_WARN_UNUSED_FUNCTION = YES;
				GCC_WARN_UNUSED_VARIABLE = YES;
				IPHONEOS_DEPLOYMENT_TARGET = 10.3;
				MTL_ENABLE_DEBUG_INFO = NO;
				SDKROOT = iphoneos;
				SWIFT_OPTIMIZATION_LEVEL = "-Owholemodule";
				TARGETED_DEVICE_FAMILY = "1,2";
				VALIDATE_PRODUCT = YES;
			};
			name = Release;
		};
		A6115AB91F5E25E2009D5FD2 /* Debug */ = {
			isa = XCBuildConfiguration;
			buildSettings = {
				ASSETCATALOG_COMPILER_APPICON_NAME = AppIcon;
				DEVELOPMENT_TEAM = 3NJC3EGBWR;
				INFOPLIST_FILE = webView/Info.plist;
				IPHONEOS_DEPLOYMENT_TARGET = 8.0;
				LD_RUNPATH_SEARCH_PATHS = "$(inherited) @executable_path/Frameworks";
				PRODUCT_BUNDLE_IDENTIFIER = com.shumin.cn;
				PRODUCT_NAME = "$(TARGET_NAME)";
				SWIFT_VERSION = 3.0;
			};
			name = Debug;
		};
		A6115ABA1F5E25E2009D5FD2 /* Release */ = {
			isa = XCBuildConfiguration;
			buildSettings = {
				ASSETCATALOG_COMPILER_APPICON_NAME = AppIcon;
				DEVELOPMENT_TEAM = 3NJC3EGBWR;
				INFOPLIST_FILE = webView/Info.plist;
				IPHONEOS_DEPLOYMENT_TARGET = 8.0;
				LD_RUNPATH_SEARCH_PATHS = "$(inherited) @executable_path/Frameworks";
				PRODUCT_BUNDLE_IDENTIFIER = com.shumin.cn;
				PRODUCT_NAME = "$(TARGET_NAME)";
				SWIFT_VERSION = 3.0;
			};
			name = Release;
		};
		A6115ABC1F5E25E2009D5FD2 /* Debug */ = {
			isa = XCBuildConfiguration;
			buildSettings = {
				ALWAYS_EMBED_SWIFT_STANDARD_LIBRARIES = YES;
				BUNDLE_LOADER = "$(TEST_HOST)";
				INFOPLIST_FILE = webViewTests/Info.plist;
				LD_RUNPATH_SEARCH_PATHS = "$(inherited) @executable_path/Frameworks @loader_path/Frameworks";
				PRODUCT_BUNDLE_IDENTIFIER = com.GDBank.Company.webViewTests;
				PRODUCT_NAME = "$(TARGET_NAME)";
				SWIFT_VERSION = 3.0;
				TEST_HOST = "$(BUILT_PRODUCTS_DIR)/webView.app/webView";
			};
			name = Debug;
		};
		A6115ABD1F5E25E2009D5FD2 /* Release */ = {
			isa = XCBuildConfiguration;
			buildSettings = {
				ALWAYS_EMBED_SWIFT_STANDARD_LIBRARIES = YES;
				BUNDLE_LOADER = "$(TEST_HOST)";
				INFOPLIST_FILE = webViewTests/Info.plist;
				LD_RUNPATH_SEARCH_PATHS = "$(inherited) @executable_path/Frameworks @loader_path/Frameworks";
				PRODUCT_BUNDLE_IDENTIFIER = com.GDBank.Company.webViewTests;
				PRODUCT_NAME = "$(TARGET_NAME)";
				SWIFT_VERSION = 3.0;
				TEST_HOST = "$(BUILT_PRODUCTS_DIR)/webView.app/webView";
			};
			name = Release;
		};
		A6115ABF1F5E25E2009D5FD2 /* Debug */ = {
			isa = XCBuildConfiguration;
			buildSettings = {
				ALWAYS_EMBED_SWIFT_STANDARD_LIBRARIES = YES;
				INFOPLIST_FILE = webViewUITests/Info.plist;
				LD_RUNPATH_SEARCH_PATHS = "$(inherited) @executable_path/Frameworks @loader_path/Frameworks";
				PRODUCT_BUNDLE_IDENTIFIER = com.GDBank.Company.webViewUITests;
				PRODUCT_NAME = "$(TARGET_NAME)";
				SWIFT_VERSION = 3.0;
				TEST_TARGET_NAME = webView;
			};
			name = Debug;
		};
		A6115AC01F5E25E2009D5FD2 /* Release */ = {
			isa = XCBuildConfiguration;
			buildSettings = {
				ALWAYS_EMBED_SWIFT_STANDARD_LIBRARIES = YES;
				INFOPLIST_FILE = webViewUITests/Info.plist;
				LD_RUNPATH_SEARCH_PATHS = "$(inherited) @executable_path/Frameworks @loader_path/Frameworks";
				PRODUCT_BUNDLE_IDENTIFIER = com.GDBank.Company.webViewUITests;
				PRODUCT_NAME = "$(TARGET_NAME)";
				SWIFT_VERSION = 3.0;
				TEST_TARGET_NAME = webView;
			};
			name = Release;
		};
/* End XCBuildConfiguration section */

/* Begin XCConfigurationList section */
		A6115A8B1F5E25E2009D5FD2 /* Build configuration list for PBXProject "webView" */ = {
			isa = XCConfigurationList;
			buildConfigurations = (
				A6115AB61F5E25E2009D5FD2 /* Debug */,
				A6115AB71F5E25E2009D5FD2 /* Release */,
			);
			defaultConfigurationIsVisible = 0;
			defaultConfigurationName = Release;
		};
		A6115AB81F5E25E2009D5FD2 /* Build configuration list for PBXNativeTarget "webView" */ = {
			isa = XCConfigurationList;
			buildConfigurations = (
				A6115AB91F5E25E2009D5FD2 /* Debug */,
				A6115ABA1F5E25E2009D5FD2 /* Release */,
			);
			defaultConfigurationIsVisible = 0;
			defaultConfigurationName = Release;
		};
		A6115ABB1F5E25E2009D5FD2 /* Build configuration list for PBXNativeTarget "webViewTests" */ = {
			isa = XCConfigurationList;
			buildConfigurations = (
				A6115ABC1F5E25E2009D5FD2 /* Debug */,
				A6115ABD1F5E25E2009D5FD2 /* Release */,
			);
			defaultConfigurationIsVisible = 0;
			defaultConfigurationName = Release;
		};
		A6115ABE1F5E25E2009D5FD2 /* Build configuration list for PBXNativeTarget "webViewUITests" */ = {
			isa = XCConfigurationList;
			buildConfigurations = (
				A6115ABF1F5E25E2009D5FD2 /* Debug */,
				A6115AC01F5E25E2009D5FD2 /* Release */,
			);
			defaultConfigurationIsVisible = 0;
			defaultConfigurationName = Release;
		};
/* End XCConfigurationList section */
	};
	rootObject = A6115A881F5E25E2009D5FD2 /* Project object */;
}
